
Microsoft Visual Studio Solution File, Format Version 12.00
# Visual Studio 15
VisualStudioVersion = 15.0.26228.9
MinimumVisualStudioVersion = 10.0.40219.1
Project("{FAE04EC0-301F-11D3-BF4B-00C04F79EFBC}") = "MyAsyncThread", "MyAsyncThread\MyAsyncThread.csproj", "{AF4B0B5C-E717-4A87-AC9A-FD894969B554}"
EndProject
Project("{FAE04EC0-301F-11D3-BF4B-00C04F79EFBC}") = "Ruanmou.Advaned.Lottery", "Ruanmou.Advaned.Lottery\Ruanmou.Advaned.Lottery.csproj", "{9432B102-550C-45AE-B2C8-A309B2A655EC}"
EndProject
Project("{FAE04EC0-301F-11D3-BF4B-00C04F79EFBC}") = "AwaitAsyncLibrary", "AwaitAsyncLibrary\AwaitAsyncLibrary.csproj", "{F2E4C73A-E7B1-4649-AA5F-DF2C32E7A4D5}"
EndProject
Project("{FAE04EC0-301F-11D3-BF4B-00C04F79EFBC}") = "MyConsole", "MyConsole\MyConsole.csproj", "{BF9EED7A-8FA1-4DE6-9228-71909A8A0004}"
EndProject
Project("{FAE04EC0-301F-11D3-BF4B-00C04F79EFBC}") = "MyMVC5", "MyMVC5\MyMVC5.csproj", "{B461BCB3-0725-4200-8948-EE3384ED40C3}"
EndProject
Global
	GlobalSection(SolutionConfigurationPlatforms) = preSolution
		Debug|Any CPU = Debug|Any CPU
		Release|Any CPU = Release|Any CPU
	EndGlobalSection
	GlobalSection(ProjectConfigurationPlatforms) = postSolution
		{AF4B0B5C-E717-4A87-AC9A-FD894969B554}.Debug|Any CPU.ActiveCfg = Debug|Any CPU
		{AF4B0B5C-E717-4A87-AC9A-FD894969B554}.Debug|Any CPU.Build.0 = Debug|Any CPU
		{AF4B0B5C-E717-4A87-AC9A-FD894969B554}.Release|Any CPU.ActiveCfg = Release|Any CPU
		{AF4B0B5C-E717-4A87-AC9A-FD894969B554}.Release|Any CPU.Build.0 = Release|Any CPU
		{9432B102-550C-45AE-B2C8-A309B2A655EC}.Debug|Any CPU.ActiveCfg = Debug|Any CPU
		{9432B102-550C-45AE-B2C8-A309B2A655EC}.Debug|Any CPU.Build.0 = Debug|Any CPU
		{9432B102-550C-45AE-B2C8-A309B2A655EC}.Release|Any CPU.ActiveCfg = Release|Any CPU
		{9432B102-550C-45AE-B2C8-A309B2A655EC}.Release|Any CPU.Build.0 = Release|Any CPU
		{F2E4C73A-E7B1-4649-AA5F-DF2C32E7A4D5}.Debug|Any CPU.ActiveCfg = Debug|Any CPU
		{F2E4C73A-E7B1-4649-AA5F-DF2C32E7A4D5}.Debug|Any CPU.Build.0 = Debug|Any CPU
		{F2E4C73A-E7B1-4649-AA5F-DF2C32E7A4D5}.Release|Any CPU.ActiveCfg = Release|Any CPU
		{F2E4C73A-E7B1-4649-AA5F-DF2C32E7A4D5}.Release|Any CPU.Build.0 = Release|Any CPU
		{BF9EED7A-8FA1-4DE6-9228-71909A8A0004}.Debug|Any CPU.ActiveCfg = Debug|Any CPU
		{BF9EED7A-8FA1-4DE6-9228-71909A8A0004}.Debug|Any CPU.Build.0 = Debug|Any CPU
		{BF9EED7A-8FA1-4DE6-9228-71909A8A0004}.Release|Any CPU.ActiveCfg = Release|Any CPU
		{BF9EED7A-8FA1-4DE6-9228-71909A8A0004}.Release|Any CPU.Build.0 = Release|Any CPU
		{B461BCB3-0725-4200-8948-EE3384ED40C3}.Debug|Any CPU.ActiveCfg = Debug|Any CPU
		{B461BCB3-0725-4200-8948-EE3384ED40C3}.Debug|Any CPU.Build.0 = Debug|Any CPU
		{B461BCB3-0725-4200-8948-EE3384ED40C3}.Release|Any CPU.ActiveCfg = Release|Any CPU
		{B461BCB3-0725-4200-8948-EE3384ED40C3}.Release|Any CPU.Build.0 = Release|Any CPU
	EndGlobalSection
	GlobalSection(SolutionProperties) = preSolution
		HideSolutionNode = FALSE
	EndGlobalSection
	GlobalSection(ExtensibilityGlobals) = postSolution
		SolutionGuid = {1CA7038F-EBE6-4DDB-A147-493637273049}
	EndGlobalSection
EndGlobal
